<Solution>
  <Configurations>
    <Platform Name="x64" />
    <Platform Name="x86" />
  </Configurations>
  <Project Path="WinP_01_01/WinP_01_01.vcxproj" Id="59fcec92-9f5b-40d8-a36f-7507d6f375f3" />
  <Project Path="WinP_01_02/WinP_01_02.vcxproj" Id="cb43a4d8-cc9f-41ed-a3f9-e4df9865e92d" />
  <Project Path="WinP_02_01/WinP_02_01.vcxproj" Id="746ca5f9-4e44-4bb1-8590-164236293bd4" />
  <Project Path="WinP_02_02/WinP_02_02.vcxproj" Id="18b0ee94-e802-4525-ac1d-f5dbf4bfbe14" />
  <Project Path="WinP_02_03/WinP_02_03.vcxproj" Id="d7de8bad-7557-4650-a394-1af700b451f8" />
  <Project Path="WinP_02_04/WinP_02_04.vcxproj" Id="2db413af-19eb-473e-abb0-a32eac96db6b" />
</Solution>
